// !$*UTF8*$!
{
	archiveVersion = 1;
	classes = {
	};
	objectVersion = 56;
	objects = {

/* Begin PBXBuildFile section */
		FF24E9382B823B8B00A8969B /* MessagingApp.swift in Sources */ = {isa = PBXBuildFile; fileRef = FF24E9372B823B8B00A8969B /* MessagingApp.swift */; };
		FF24E93A2B823B8C00A8969B /* ContentView.swift in Sources */ = {isa = PBXBuildFile; fileRef = FF24E9392B823B8C00A8969B /* ContentView.swift */; };
		FF24E93C2B823B8D00A8969B /* Assets.xcassets in Resources */ = {isa = PBXBuildFile; fileRef = FF24E93B2B823B8D00A8969B /* Assets.xcassets */; };
		FF24E93F2B823B8D00A8969B /* Preview Assets.xcassets in Resources */ = {isa = PBXBuildFile; fileRef = FF24E93E2B823B8D00A8969B /* Preview Assets.xcassets */; };
		FF24E9512B823D1A00A8969B /* ChatsListViewModel.swift in Sources */ = {isa = PBXBuildFile; fileRef = FF24E9502B823D1A00A8969B /* ChatsListViewModel.swift */; };
		FF24E9592B823EE300A8969B /* ChatsListBuilder.swift in Sources */ = {isa = PBXBuildFile; fileRef = FF24E9582B823EE300A8969B /* ChatsListBuilder.swift */; };
		FF24E95B2B82452C00A8969B /* ChatCellView.swift in Sources */ = {isa = PBXBuildFile; fileRef = FF24E95A2B82452C00A8969B /* ChatCellView.swift */; };
		FF24E95E2B82487500A8969B /* Resources.swift in Sources */ = {isa = PBXBuildFile; fileRef = FF24E95D2B82487500A8969B /* Resources.swift */; };
		FF24E9602B8251B200A8969B /* ChatsListView.swift in Sources */ = {isa = PBXBuildFile; fileRef = FF24E95F2B8251B200A8969B /* ChatsListView.swift */; };
		FF24E9622B8258FB00A8969B /* OnFirstAppearModifier.swift in Sources */ = {isa = PBXBuildFile; fileRef = FF24E9612B8258FB00A8969B /* OnFirstAppearModifier.swift */; };
		FF24E9642B825A6900A8969B /* ChatRoomInfo.swift in Sources */ = {isa = PBXBuildFile; fileRef = FF24E9632B825A6900A8969B /* ChatRoomInfo.swift */; };
		FF24E9662B825F3700A8969B /* Message.swift in Sources */ = {isa = PBXBuildFile; fileRef = FF24E9652B825F3700A8969B /* Message.swift */; };
		FF24E9682B828A8500A8969B /* NavigationHeader.swift in Sources */ = {isa = PBXBuildFile; fileRef = FF24E9672B828A8500A8969B /* NavigationHeader.swift */; };
		FF24E9702B82A87100A8969B /* MeasureSizeModifier.swift in Sources */ = {isa = PBXBuildFile; fileRef = FF24E96C2B82A87000A8969B /* MeasureSizeModifier.swift */; };
		FF24E9712B82A87100A8969B /* SwipeActionModifier.swift in Sources */ = {isa = PBXBuildFile; fileRef = FF24E96D2B82A87000A8969B /* SwipeActionModifier.swift */; };
		FF24E9722B82A87100A8969B /* SwipeActions.swift in Sources */ = {isa = PBXBuildFile; fileRef = FF24E96E2B82A87000A8969B /* SwipeActions.swift */; };
		FF24E9732B82A87100A8969B /* ValueChangedModifier.swift in Sources */ = {isa = PBXBuildFile; fileRef = FF24E96F2B82A87000A8969B /* ValueChangedModifier.swift */; };
		FF24E9752B82AD5700A8969B /* Colors.xcassets in Resources */ = {isa = PBXBuildFile; fileRef = FF24E9742B82AB4A00A8969B /* Colors.xcassets */; };
		FF24E9772B82B07700A8969B /* TabSection.swift in Sources */ = {isa = PBXBuildFile; fileRef = FF24E9762B82B07700A8969B /* TabSection.swift */; };
/* End PBXBuildFile section */

/* Begin PBXFileReference section */
		FF24E9342B823B8B00A8969B /* MessagingApp.app */ = {isa = PBXFileReference; explicitFileType = wrapper.application; includeInIndex = 0; path = MessagingApp.app; sourceTree = BUILT_PRODUCTS_DIR; };
		FF24E9372B823B8B00A8969B /* MessagingApp.swift */ = {isa = PBXFileReference; lastKnownFileType = sourcecode.swift; path = MessagingApp.swift; sourceTree = "<group>"; };
		FF24E9392B823B8C00A8969B /* ContentView.swift */ = {isa = PBXFileReference; lastKnownFileType = sourcecode.swift; path = ContentView.swift; sourceTree = "<group>"; };
		FF24E93B2B823B8D00A8969B /* Assets.xcassets */ = {isa = PBXFileReference; lastKnownFileType = folder.assetcatalog; path = Assets.xcassets; sourceTree = "<group>"; };
		FF24E93E2B823B8D00A8969B /* Preview Assets.xcassets */ = {isa = PBXFileReference; lastKnownFileType = folder.assetcatalog; path = "Preview Assets.xcassets"; sourceTree = "<group>"; };
		FF24E9502B823D1A00A8969B /* ChatsListViewModel.swift */ = {isa = PBXFileReference; lastKnownFileType = sourcecode.swift; path = ChatsListViewModel.swift; sourceTree = "<group>"; };
		FF24E9582B823EE300A8969B /* ChatsListBuilder.swift */ = {isa = PBXFileReference; lastKnownFileType = sourcecode.swift; path = ChatsListBuilder.swift; sourceTree = "<group>"; };
		FF24E95A2B82452C00A8969B /* ChatCellView.swift */ = {isa = PBXFileReference; lastKnownFileType = sourcecode.swift; path = ChatCellView.swift; sourceTree = "<group>"; };
		FF24E95D2B82487500A8969B /* Resources.swift */ = {isa = PBXFileReference; lastKnownFileType = sourcecode.swift; path = Resources.swift; sourceTree = "<group>"; };
		FF24E95F2B8251B200A8969B /* ChatsListView.swift */ = {isa = PBXFileReference; lastKnownFileType = sourcecode.swift; path = ChatsListView.swift; sourceTree = "<group>"; };
		FF24E9612B8258FB00A8969B /* OnFirstAppearModifier.swift */ = {isa = PBXFileReference; lastKnownFileType = sourcecode.swift; path = OnFirstAppearModifier.swift; sourceTree = "<group>"; };
		FF24E9632B825A6900A8969B /* ChatRoomInfo.swift */ = {isa = PBXFileReference; lastKnownFileType = sourcecode.swift; path = ChatRoomInfo.swift; sourceTree = "<group>"; };
		FF24E9652B825F3700A8969B /* Message.swift */ = {isa = PBXFileReference; lastKnownFileType = sourcecode.swift; path = Message.swift; sourceTree = "<group>"; };
		FF24E9672B828A8500A8969B /* NavigationHeader.swift */ = {isa = PBXFileReference; lastKnownFileType = sourcecode.swift; path = NavigationHeader.swift; sourceTree = "<group>"; };
		FF24E96C2B82A87000A8969B /* MeasureSizeModifier.swift */ = {isa = PBXFileReference; fileEncoding = 4; lastKnownFileType = sourcecode.swift; path = MeasureSizeModifier.swift; sourceTree = "<group>"; };
		FF24E96D2B82A87000A8969B /* SwipeActionModifier.swift */ = {isa = PBXFileReference; fileEncoding = 4; lastKnownFileType = sourcecode.swift; path = SwipeActionModifier.swift; sourceTree = "<group>"; };
		FF24E96E2B82A87000A8969B /* SwipeActions.swift */ = {isa = PBXFileReference; fileEncoding = 4; lastKnownFileType = sourcecode.swift; path = SwipeActions.swift; sourceTree = "<group>"; };
		FF24E96F2B82A87000A8969B /* ValueChangedModifier.swift */ = {isa = PBXFileReference; fileEncoding = 4; lastKnownFileType = sourcecode.swift; path = ValueChangedModifier.swift; sourceTree = "<group>"; };
		FF24E9742B82AB4A00A8969B /* Colors.xcassets */ = {isa = PBXFileReference; lastKnownFileType = folder.assetcatalog; path = Colors.xcassets; sourceTree = "<group>"; };
		FF24E9762B82B07700A8969B /* TabSection.swift */ = {isa = PBXFileReference; lastKnownFileType = sourcecode.swift; path = TabSection.swift; sourceTree = "<group>"; };
/* End PBXFileReference section */

/* Begin PBXFrameworksBuildPhase section */
		FF24E9312B823B8B00A8969B /* Frameworks */ = {
			isa = PBXFrameworksBuildPhase;
			buildActionMask = 2147483647;
			files = (
			);
			runOnlyForDeploymentPostprocessing = 0;
		};
/* End PBXFrameworksBuildPhase section */

/* Begin PBXGroup section */
		FF24E92B2B823B8B00A8969B = {
			isa = PBXGroup;
			children = (
				FF24E9362B823B8B00A8969B /* MessagingApp */,
				FF24E9352B823B8B00A8969B /* Products */,
			);
			sourceTree = "<group>";
		};
		FF24E9352B823B8B00A8969B /* Products */ = {
			isa = PBXGroup;
			children = (
				FF24E9342B823B8B00A8969B /* MessagingApp.app */,
			);
			name = Products;
			sourceTree = "<group>";
		};
		FF24E9362B823B8B00A8969B /* MessagingApp */ = {
			isa = PBXGroup;
			children = (
				FF24E9372B823B8B00A8969B /* MessagingApp.swift */,
				FF24E9782B82B08800A8969B /* TabBar */,
				FF24E9452B823BF000A8969B /* ChatsList */,
				FF24E9522B823D6000A8969B /* Models */,
				FF24E95C2B82485800A8969B /* Resources */,
				FF24E96A2B82A65700A8969B /* Helpers */,
				FF24E93D2B823B8D00A8969B /* Preview Content */,
			);
			path = MessagingApp;
			sourceTree = "<group>";
		};
		FF24E93D2B823B8D00A8969B /* Preview Content */ = {
			isa = PBXGroup;
			children = (
				FF24E93E2B823B8D00A8969B /* Preview Assets.xcassets */,
			);
			path = "Preview Content";
			sourceTree = "<group>";
		};
		FF24E9452B823BF000A8969B /* ChatsList */ = {
			isa = PBXGroup;
			children = (
				FF24E9532B823D6D00A8969B /* UIComponents */,
				FF24E9582B823EE300A8969B /* ChatsListBuilder.swift */,
				FF24E95F2B8251B200A8969B /* ChatsListView.swift */,
				FF24E9502B823D1A00A8969B /* ChatsListViewModel.swift */,
			);
			path = ChatsList;
			sourceTree = "<group>";
		};
		FF24E9522B823D6000A8969B /* Models */ = {
			isa = PBXGroup;
			children = (
				FF24E9632B825A6900A8969B /* ChatRoomInfo.swift */,
				FF24E9652B825F3700A8969B /* Message.swift */,
			);
			path = Models;
			sourceTree = "<group>";
		};
		FF24E9532B823D6D00A8969B /* UIComponents */ = {
			isa = PBXGroup;
			children = (
				FF24E95A2B82452C00A8969B /* ChatCellView.swift */,
				FF24E9672B828A8500A8969B /* NavigationHeader.swift */,
			);
			path = UIComponents;
			sourceTree = "<group>";
		};
		FF24E95C2B82485800A8969B /* Resources */ = {
			isa = PBXGroup;
			children = (
				FF24E93B2B823B8D00A8969B /* Assets.xcassets */,
				FF24E9742B82AB4A00A8969B /* Colors.xcassets */,
				FF24E95D2B82487500A8969B /* Resources.swift */,
			);
			path = Resources;
			sourceTree = "<group>";
		};
		FF24E9692B82A64200A8969B /* Modifiers */ = {
			isa = PBXGroup;
			children = (
				FF24E9612B8258FB00A8969B /* OnFirstAppearModifier.swift */,
			);
			path = Modifiers;
			sourceTree = "<group>";
		};
		FF24E96A2B82A65700A8969B /* Helpers */ = {
			isa = PBXGroup;
			children = (
				FF24E96B2B82A87000A8969B /* SwipeActions */,
				FF24E9692B82A64200A8969B /* Modifiers */,
			);
			path = Helpers;
			sourceTree = "<group>";
		};
		FF24E96B2B82A87000A8969B /* SwipeActions */ = {
			isa = PBXGroup;
			children = (
				FF24E96C2B82A87000A8969B /* MeasureSizeModifier.swift */,
				FF24E96D2B82A87000A8969B /* SwipeActionModifier.swift */,
				FF24E96E2B82A87000A8969B /* SwipeActions.swift */,
				FF24E96F2B82A87000A8969B /* ValueChangedModifier.swift */,
			);
			path = SwipeActions;
			sourceTree = "<group>";
		};
		FF24E9782B82B08800A8969B /* TabBar */ = {
			isa = PBXGroup;
			children = (
				FF24E9392B823B8C00A8969B /* ContentView.swift */,
				FF24E9762B82B07700A8969B /* TabSection.swift */,
			);
			path = TabBar;
			sourceTree = "<group>";
		};
/* End PBXGroup section */

/* Begin PBXNativeTarget section */
		FF24E9332B823B8B00A8969B /* MessagingApp */ = {
			isa = PBXNativeTarget;
			buildConfigurationList = FF24E9422B823B8D00A8969B /* Build configuration list for PBXNativeTarget "MessagingApp" */;
			buildPhases = (
				FF24E9302B823B8B00A8969B /* Sources */,
				FF24E9312B823B8B00A8969B /* Frameworks */,
				FF24E9322B823B8B00A8969B /* Resources */,
			);
			buildRules = (
			);
			dependencies = (
			);
			name = MessagingApp;
			productName = MessagingApp;
			productReference = FF24E9342B823B8B00A8969B /* MessagingApp.app */;
			productType = "com.apple.product-type.application";
		};
/* End PBXNativeTarget section */

/* Begin PBXProject section */
		FF24E92C2B823B8B00A8969B /* Project object */ = {
			isa = PBXProject;
			attributes = {
				BuildIndependentTargetsInParallel = 1;
				LastSwiftUpdateCheck = 1500;
				LastUpgradeCheck = 1500;
				TargetAttributes = {
					FF24E9332B823B8B00A8969B = {
						CreatedOnToolsVersion = 15.0.1;
					};
				};
			};
			buildConfigurationList = FF24E92F2B823B8B00A8969B /* Build configuration list for PBXProject "MessagingApp" */;
			compatibilityVersion = "Xcode 14.0";
			developmentRegion = en;
			hasScannedForEncodings = 0;
			knownRegions = (
				en,
				Base,
			);
			mainGroup = FF24E92B2B823B8B00A8969B;
			productRefGroup = FF24E9352B823B8B00A8969B /* Products */;
			projectDirPath = "";
			projectRoot = "";
			targets = (
				FF24E9332B823B8B00A8969B /* MessagingApp */,
			);
		};
/* End PBXProject section */

/* Begin PBXResourcesBuildPhase section */
		FF24E9322B823B8B00A8969B /* Resources */ = {
			isa = PBXResourcesBuildPhase;
			buildActionMask = 2147483647;
			files = (
				FF24E9752B82AD5700A8969B /* Colors.xcassets in Resources */,
				FF24E93F2B823B8D00A8969B /* Preview Assets.xcassets in Resources */,
				FF24E93C2B823B8D00A8969B /* Assets.xcassets in Resources */,
			);
			runOnlyForDeploymentPostprocessing = 0;
		};
/* End PBXResourcesBuildPhase section */

/* Begin PBXSourcesBuildPhase section */
		FF24E9302B823B8B00A8969B /* Sources */ = {
			isa = PBXSourcesBuildPhase;
			buildActionMask = 2147483647;
			files = (
				FF24E9732B82A87100A8969B /* ValueChangedModifier.swift in Sources */,
				FF24E9722B82A87100A8969B /* SwipeActions.swift in Sources */,
				FF24E9512B823D1A00A8969B /* ChatsListViewModel.swift in Sources */,
				FF24E9602B8251B200A8969B /* ChatsListView.swift in Sources */,
				FF24E9682B828A8500A8969B /* NavigationHeader.swift in Sources */,
				FF24E95B2B82452C00A8969B /* ChatCellView.swift in Sources */,
				FF24E93A2B823B8C00A8969B /* ContentView.swift in Sources */,
				FF24E9772B82B07700A8969B /* TabSection.swift in Sources */,
				FF24E9622B8258FB00A8969B /* OnFirstAppearModifier.swift in Sources */,
				FF24E9382B823B8B00A8969B /* MessagingApp.swift in Sources */,
				FF24E95E2B82487500A8969B /* Resources.swift in Sources */,
				FF24E9702B82A87100A8969B /* MeasureSizeModifier.swift in Sources */,
				FF24E9662B825F3700A8969B /* Message.swift in Sources */,
				FF24E9642B825A6900A8969B /* ChatRoomInfo.swift in Sources */,
				FF24E9712B82A87100A8969B /* SwipeActionModifier.swift in Sources */,
				FF24E9592B823EE300A8969B /* ChatsListBuilder.swift in Sources */,
			);
			runOnlyForDeploymentPostprocessing = 0;
		};
/* End PBXSourcesBuildPhase section */

/* Begin XCBuildConfiguration section */
		FF24E9402B823B8D00A8969B /* Debug */ = {
			isa = XCBuildConfiguration;
			buildSettings = {
				ALWAYS_SEARCH_USER_PATHS = NO;
				ASSETCATALOG_COMPILER_GENERATE_SWIFT_ASSET_SYMBOL_EXTENSIONS = YES;
				CLANG_ANALYZER_NONNULL = YES;
				CLANG_ANALYZER_NUMBER_OBJECT_CONVERSION = YES_AGGRESSIVE;
				CLANG_CXX_LANGUAGE_STANDARD = "gnu++20";
				CLANG_ENABLE_MODULES = YES;
				CLANG_ENABLE_OBJC_ARC = YES;
				CLANG_ENABLE_OBJC_WEAK = YES;
				CLANG_WARN_BLOCK_CAPTURE_AUTORELEASING = YES;
				CLANG_WARN_BOOL_CONVERSION = YES;
				CLANG_WARN_COMMA = YES;
				CLANG_WARN_CONSTANT_CONVERSION = YES;
				CLANG_WARN_DEPRECATED_OBJC_IMPLEMENTATIONS = YES;
				CLANG_WARN_DIRECT_OBJC_ISA_USAGE = YES_ERROR;
				CLANG_WARN_DOCUMENTATION_COMMENTS = YES;
				CLANG_WARN_EMPTY_BODY = YES;
				CLANG_WARN_ENUM_CONVERSION = YES;
				CLANG_WARN_INFINITE_RECURSION = YES;
				CLANG_WARN_INT_CONVERSION = YES;
				CLANG_WARN_NON_LITERAL_NULL_CONVERSION = YES;
				CLANG_WARN_OBJC_IMPLICIT_RETAIN_SELF = YES;
				CLANG_WARN_OBJC_LITERAL_CONVERSION = YES;
				CLANG_WARN_OBJC_ROOT_CLASS = YES_ERROR;
				CLANG_WARN_QUOTED_INCLUDE_IN_FRAMEWORK_HEADER = YES;
				CLANG_WARN_RANGE_LOOP_ANALYSIS = YES;
				CLANG_WARN_STRICT_PROTOTYPES = YES;
				CLANG_WARN_SUSPICIOUS_MOVE = YES;
				CLANG_WARN_UNGUARDED_AVAILABILITY = YES_AGGRESSIVE;
				CLANG_WARN_UNREACHABLE_CODE = YES;
				CLANG_WARN__DUPLICATE_METHOD_MATCH = YES;
				COPY_PHASE_STRIP = NO;
				DEBUG_INFORMATION_FORMAT = dwarf;
				ENABLE_STRICT_OBJC_MSGSEND = YES;
				ENABLE_TESTABILITY = YES;
				ENABLE_USER_SCRIPT_SANDBOXING = YES;
				GCC_C_LANGUAGE_STANDARD = gnu17;
				GCC_DYNAMIC_NO_PIC = NO;
				GCC_NO_COMMON_BLOCKS = YES;
				GCC_OPTIMIZATION_LEVEL = 0;
				GCC_PREPROCESSOR_DEFINITIONS = (
					"DEBUG=1",
					"$(inherited)",
				);
				GCC_WARN_64_TO_32_BIT_CONVERSION = YES;
				GCC_WARN_ABOUT_RETURN_TYPE = YES_ERROR;
				GCC_WARN_UNDECLARED_SELECTOR = YES;
				GCC_WARN_UNINITIALIZED_AUTOS = YES_AGGRESSIVE;
				GCC_WARN_UNUSED_FUNCTION = YES;
				GCC_WARN_UNUSED_VARIABLE = YES;
				IPHONEOS_DEPLOYMENT_TARGET = 17.0;
				LOCALIZATION_PREFERS_STRING_CATALOGS = YES;
				MTL_ENABLE_DEBUG_INFO = INCLUDE_SOURCE;
				MTL_FAST_MATH = YES;
				ONLY_ACTIVE_ARCH = YES;
				SDKROOT = iphoneos;
				SWIFT_ACTIVE_COMPILATION_CONDITIONS = "DEBUG $(inherited)";
				SWIFT_OPTIMIZATION_LEVEL = "-Onone";
			};
			name = Debug;
		};
		FF24E9412B823B8D00A8969B /* Release */ = {
			isa = XCBuildConfiguration;
			buildSettings = {
				ALWAYS_SEARCH_USER_PATHS = NO;
				ASSETCATALOG_COMPILER_GENERATE_SWIFT_ASSET_SYMBOL_EXTENSIONS = YES;
				CLANG_ANALYZER_NONNULL = YES;
				CLANG_ANALYZER_NUMBER_OBJECT_CONVERSION = YES_AGGRESSIVE;
				CLANG_CXX_LANGUAGE_STANDARD = "gnu++20";
				CLANG_ENABLE_MODULES = YES;
				CLANG_ENABLE_OBJC_ARC = YES;
				CLANG_ENABLE_OBJC_WEAK = YES;
				CLANG_WARN_BLOCK_CAPTURE_AUTORELEASING = YES;
				CLANG_WARN_BOOL_CONVERSION = YES;
				CLANG_WARN_COMMA = YES;
				CLANG_WARN_CONSTANT_CONVERSION = YES;
				CLANG_WARN_DEPRECATED_OBJC_IMPLEMENTATIONS = YES;
				CLANG_WARN_DIRECT_OBJC_ISA_USAGE = YES_ERROR;
				CLANG_WARN_DOCUMENTATION_COMMENTS = YES;
				CLANG_WARN_EMPTY_BODY = YES;
				CLANG_WARN_ENUM_CONVERSION = YES;
				CLANG_WARN_INFINITE_RECURSION = YES;
				CLANG_WARN_INT_CONVERSION = YES;
				CLANG_WARN_NON_LITERAL_NULL_CONVERSION = YES;
				CLANG_WARN_OBJC_IMPLICIT_RETAIN_SELF = YES;
				CLANG_WARN_OBJC_LITERAL_CONVERSION = YES;
				CLANG_WARN_OBJC_ROOT_CLASS = YES_ERROR;
				CLANG_WARN_QUOTED_INCLUDE_IN_FRAMEWORK_HEADER = YES;
				CLANG_WARN_RANGE_LOOP_ANALYSIS = YES;
				CLANG_WARN_STRICT_PROTOTYPES = YES;
				CLANG_WARN_SUSPICIOUS_MOVE = YES;
				CLANG_WARN_UNGUARDED_AVAILABILITY = YES_AGGRESSIVE;
				CLANG_WARN_UNREACHABLE_CODE = YES;
				CLANG_WARN__DUPLICATE_METHOD_MATCH = YES;
				COPY_PHASE_STRIP = NO;
				DEBUG_INFORMATION_FORMAT = "dwarf-with-dsym";
				ENABLE_NS_ASSERTIONS = NO;
				ENABLE_STRICT_OBJC_MSGSEND = YES;
				ENABLE_USER_SCRIPT_SANDBOXING = YES;
				GCC_C_LANGUAGE_STANDARD = gnu17;
				GCC_NO_COMMON_BLOCKS = YES;
				GCC_WARN_64_TO_32_BIT_CONVERSION = YES;
				GCC_WARN_ABOUT_RETURN_TYPE = YES_ERROR;
				GCC_WARN_UNDECLARED_SELECTOR = YES;
				GCC_WARN_UNINITIALIZED_AUTOS = YES_AGGRESSIVE;
				GCC_WARN_UNUSED_FUNCTION = YES;
				GCC_WARN_UNUSED_VARIABLE = YES;
				IPHONEOS_DEPLOYMENT_TARGET = 17.0;
				LOCALIZATION_PREFERS_STRING_CATALOGS = YES;
				MTL_ENABLE_DEBUG_INFO = NO;
				MTL_FAST_MATH = YES;
				SDKROOT = iphoneos;
				SWIFT_COMPILATION_MODE = wholemodule;
				VALIDATE_PRODUCT = YES;
			};
			name = Release;
		};
		FF24E9432B823B8D00A8969B /* Debug */ = {
			isa = XCBuildConfiguration;
			buildSettings = {
				ASSETCATALOG_COMPILER_APPICON_NAME = AppIcon;
				ASSETCATALOG_COMPILER_GLOBAL_ACCENT_COLOR_NAME = AccentColor;
				CODE_SIGN_STYLE = Automatic;
				CURRENT_PROJECT_VERSION = 1;
				DEVELOPMENT_ASSET_PATHS = "\"MessagingApp/Preview Content\"";
				DEVELOPMENT_TEAM = T574RGJCUB;
				ENABLE_PREVIEWS = YES;
				GENERATE_INFOPLIST_FILE = YES;
				INFOPLIST_KEY_UIApplicationSceneManifest_Generation = YES;
				INFOPLIST_KEY_UIApplicationSupportsIndirectInputEvents = YES;
				INFOPLIST_KEY_UILaunchScreen_Generation = YES;
				INFOPLIST_KEY_UISupportedInterfaceOrientations_iPad = "UIInterfaceOrientationPortrait UIInterfaceOrientationPortraitUpsideDown UIInterfaceOrientationLandscapeLeft UIInterfaceOrientationLandscapeRight";
				INFOPLIST_KEY_UISupportedInterfaceOrientations_iPhone = "UIInterfaceOrientationPortrait UIInterfaceOrientationLandscapeLeft UIInterfaceOrientationLandscapeRight";
				LD_RUNPATH_SEARCH_PATHS = (
					"$(inherited)",
					"@executable_path/Frameworks",
				);
				MARKETING_VERSION = 1.0;
				PRODUCT_BUNDLE_IDENTIFIER = organisation.com.MessagingApp;
				PRODUCT_NAME = "$(TARGET_NAME)";
				SWIFT_EMIT_LOC_STRINGS = YES;
				SWIFT_VERSION = 5.0;
				TARGETED_DEVICE_FAMILY = "1,2";
			};
			name = Debug;
		};
		FF24E9442B823B8D00A8969B /* Release */ = {
			isa = XCBuildConfiguration;
			buildSettings = {
				ASSETCATALOG_COMPILER_APPICON_NAME = AppIcon;
				ASSETCATALOG_COMPILER_GLOBAL_ACCENT_COLOR_NAME = AccentColor;
				CODE_SIGN_STYLE = Automatic;
				CURRENT_PROJECT_VERSION = 1;
				DEVELOPMENT_ASSET_PATHS = "\"MessagingApp/Preview Content\"";
				DEVELOPMENT_TEAM = T574RGJCUB;
				ENABLE_PREVIEWS = YES;
				GENERATE_INFOPLIST_FILE = YES;
				INFOPLIST_KEY_UIApplicationSceneManifest_Generation = YES;
				INFOPLIST_KEY_UIApplicationSupportsIndirectInputEvents = YES;
				INFOPLIST_KEY_UILaunchScreen_Generation = YES;
				INFOPLIST_KEY_UISupportedInterfaceOrientations_iPad = "UIInterfaceOrientationPortrait UIInterfaceOrientationPortraitUpsideDown UIInterfaceOrientationLandscapeLeft UIInterfaceOrientationLandscapeRight";
				INFOPLIST_KEY_UISupportedInterfaceOrientations_iPhone = "UIInterfaceOrientationPortrait UIInterfaceOrientationLandscapeLeft UIInterfaceOrientationLandscapeRight";
				LD_RUNPATH_SEARCH_PATHS = (
					"$(inherited)",
					"@executable_path/Frameworks",
				);
				MARKETING_VERSION = 1.0;
				PRODUCT_BUNDLE_IDENTIFIER = organisation.com.MessagingApp;
				PRODUCT_NAME = "$(TARGET_NAME)";
				SWIFT_EMIT_LOC_STRINGS = YES;
				SWIFT_VERSION = 5.0;
				TARGETED_DEVICE_FAMILY = "1,2";
			};
			name = Release;
		};
/* End XCBuildConfiguration section */

/* Begin XCConfigurationList section */
		FF24E92F2B823B8B00A8969B /* Build configuration list for PBXProject "MessagingApp" */ = {
			isa = XCConfigurationList;
			buildConfigurations = (
				FF24E9402B823B8D00A8969B /* Debug */,
				FF24E9412B823B8D00A8969B /* Release */,
			);
			defaultConfigurationIsVisible = 0;
			defaultConfigurationName = Release;
		};
		FF24E9422B823B8D00A8969B /* Build configuration list for PBXNativeTarget "MessagingApp" */ = {
			isa = XCConfigurationList;
			buildConfigurations = (
				FF24E9432B823B8D00A8969B /* Debug */,
				FF24E9442B823B8D00A8969B /* Release */,
			);
			defaultConfigurationIsVisible = 0;
			defaultConfigurationName = Release;
		};
/* End XCConfigurationList section */
	};
	rootObject = FF24E92C2B823B8B00A8969B /* Project object */;
}
